
Microsoft Visual Studio Solution File, Format Version 12.00
# Visual Studio Version 16
VisualStudioVersion = 16.0.30621.155
MinimumVisualStudioVersion = 10.0.40219.1
Project("{8BC9CEB8-8B4A-11D0-8D11-00A0C91BC942}") = "labb4", "labb4.vcxproj", "{B667A340-6D23-4122-BB66-1854F9690CCE}"
EndProject
Global
	GlobalSection(SolutionConfigurationPlatforms) = preSolution
		Debug|x64 = Debug|x64
		Debug|x86 = Debug|x86
		Release|x64 = Release|x64
		Release|x86 = Release|x86
	EndGlobalSection
	GlobalSection(ProjectConfigurationPlatforms) = postSolution
		{B667A340-6D23-4122-BB66-1854F9690CCE}.Debug|x64.ActiveCfg = Debug|x64
		{B667A340-6D23-4122-BB66-1854F9690CCE}.Debug|x64.Build.0 = Debug|x64
		{B667A340-6D23-4122-BB66-1854F9690CCE}.Debug|x86.ActiveCfg = Debug|Win32
		{B667A340-6D23-4122-BB66-1854F9690CCE}.Debug|x86.Build.0 = Debug|Win32
		{B667A340-6D23-4122-BB66-1854F9690CCE}.Release|x64.ActiveCfg = Release|x64
		{B667A340-6D23-4122-BB66-1854F9690CCE}.Release|x64.Build.0 = Release|x64
		{B667A340-6D23-4122-BB66-1854F9690CCE}.Release|x86.ActiveCfg = Release|Win32
		{B667A340-6D23-4122-BB66-1854F9690CCE}.Release|x86.Build.0 = Release|Win32
	EndGlobalSection
	GlobalSection(SolutionProperties) = preSolution
		HideSolutionNode = FALSE
	EndGlobalSection
	GlobalSection(ExtensibilityGlobals) = postSolution
		SolutionGuid = {46B6D8BF-EAE5-4818-A03F-716BA6D09473}
	EndGlobalSection
EndGlobal
